
Microsoft Visual Studio Solution File, Format Version 12.00
# Visual Studio Version 16
VisualStudioVersion = 16.0.30907.101
MinimumVisualStudioVersion = 10.0.40219.1
Project("{FAE04EC0-301F-11D3-BF4B-00C04F79EFBC}") = "ClubAsp", "ClubAsp\ClubAsp.csproj", "{B27877F1-E128-4898-BE08-0E16CE0FA568}"
EndProject
Global
	GlobalSection(SolutionConfigurationPlatforms) = preSolution
		Debug|Any CPU = Debug|Any CPU
		Release|Any CPU = Release|Any CPU
	EndGlobalSection
	GlobalSection(ProjectConfigurationPlatforms) = postSolution
		{B27877F1-E128-4898-BE08-0E16CE0FA568}.Debug|Any CPU.ActiveCfg = Debug|Any CPU
		{B27877F1-E128-4898-BE08-0E16CE0FA568}.Debug|Any CPU.Build.0 = Debug|Any CPU
		{B27877F1-E128-4898-BE08-0E16CE0FA568}.Release|Any CPU.ActiveCfg = Release|Any CPU
		{B27877F1-E128-4898-BE08-0E16CE0FA568}.Release|Any CPU.Build.0 = Release|Any CPU
	EndGlobalSection
	GlobalSection(SolutionProperties) = preSolution
		HideSolutionNode = FALSE
	EndGlobalSection
	GlobalSection(ExtensibilityGlobals) = postSolution
		SolutionGuid = {E0D5FA97-7759-46FB-8F5E-CFFB457C5B60}
	EndGlobalSection
EndGlobal
